
Microsoft Visual Studio Solution File, Format Version 12.00
# Visual Studio Version 16
VisualStudioVersion = 16.0.29409.12
MinimumVisualStudioVersion = 10.0.40219.1
Project("{FAE04EC0-301F-11D3-BF4B-00C04F79EFBC}") = "Title Selection", "Title Selection\Title Selection.csproj", "{733A3552-6B73-419E-8A0E-F5BACD23C2A2}"
EndProject
Project("{FAE04EC0-301F-11D3-BF4B-00C04F79EFBC}") = "AdminPanel", "AdminPanel\AdminPanel.csproj", "{F748F136-74C7-4B0C-9611-19E99D5C699A}"
EndProject
Global
	GlobalSection(SolutionConfigurationPlatforms) = preSolution
		Debug|Any CPU = Debug|Any CPU
		Release|Any CPU = Release|Any CPU
	EndGlobalSection
	GlobalSection(ProjectConfigurationPlatforms) = postSolution
		{733A3552-6B73-419E-8A0E-F5BACD23C2A2}.Debug|Any CPU.ActiveCfg = Debug|Any CPU
		{733A3552-6B73-419E-8A0E-F5BACD23C2A2}.Debug|Any CPU.Build.0 = Debug|Any CPU
		{733A3552-6B73-419E-8A0E-F5BACD23C2A2}.Release|Any CPU.ActiveCfg = Release|Any CPU
		{733A3552-6B73-419E-8A0E-F5BACD23C2A2}.Release|Any CPU.Build.0 = Release|Any CPU
		{F748F136-74C7-4B0C-9611-19E99D5C699A}.Debug|Any CPU.ActiveCfg = Debug|Any CPU
		{F748F136-74C7-4B0C-9611-19E99D5C699A}.Debug|Any CPU.Build.0 = Debug|Any CPU
		{F748F136-74C7-4B0C-9611-19E99D5C699A}.Release|Any CPU.ActiveCfg = Release|Any CPU
		{F748F136-74C7-4B0C-9611-19E99D5C699A}.Release|Any CPU.Build.0 = Release|Any CPU
	EndGlobalSection
	GlobalSection(SolutionProperties) = preSolution
		HideSolutionNode = FALSE
	EndGlobalSection
	GlobalSection(ExtensibilityGlobals) = postSolution
		SolutionGuid = {37844C3D-C036-45C0-8164-4B009747AFB3}
	EndGlobalSection
EndGlobal
