
Microsoft Visual Studio Solution File, Format Version 12.00
# Visual Studio 15
VisualStudioVersion = 15.0.27428.2037
MinimumVisualStudioVersion = 10.0.40219.1
Project("{FAE04EC0-301F-11D3-BF4B-00C04F79EFBC}") = "Title Selection", "Title Selection\Title Selection.csproj", "{733A3552-6B73-419E-8A0E-F5BACD23C2A2}"
EndProject
Global
	GlobalSection(SolutionConfigurationPlatforms) = preSolution
		Debug|Any CPU = Debug|Any CPU
		Release|Any CPU = Release|Any CPU
	EndGlobalSection
	GlobalSection(ProjectConfigurationPlatforms) = postSolution
		{733A3552-6B73-419E-8A0E-F5BACD23C2A2}.Debug|Any CPU.ActiveCfg = Debug|Any CPU
		{733A3552-6B73-419E-8A0E-F5BACD23C2A2}.Debug|Any CPU.Build.0 = Debug|Any CPU
		{733A3552-6B73-419E-8A0E-F5BACD23C2A2}.Release|Any CPU.ActiveCfg = Release|Any CPU
		{733A3552-6B73-419E-8A0E-F5BACD23C2A2}.Release|Any CPU.Build.0 = Release|Any CPU
	EndGlobalSection
	GlobalSection(SolutionProperties) = preSolution
		HideSolutionNode = FALSE
	EndGlobalSection
	GlobalSection(ExtensibilityGlobals) = postSolution
		SolutionGuid = {37844C3D-C036-45C0-8164-4B009747AFB3}
	EndGlobalSection
EndGlobal
